// !$*UTF8*$!
{
	archiveVersion = 1;
	classes = {
	};
	objectVersion = 56;
	objects = {

/* Begin PBXBuildFile section */
		0AB41BA92CABE3BE00AF51DB /* Questionnaire.swift in Sources */ = {isa = PBXBuildFile; fileRef = 0AB41BA82CABE3BE00AF51DB /* Questionnaire.swift */; };
		0AB41BAB2CABE91300AF51DB /* Questionnaire1.swift in Sources */ = {isa = PBXBuildFile; fileRef = 0AB41BAA2CABE91300AF51DB /* Questionnaire1.swift */; };
		0AB41BAD2CABE95B00AF51DB /* FaceRecognition.swift in Sources */ = {isa = PBXBuildFile; fileRef = 0AB41BAC2CABE95B00AF51DB /* FaceRecognition.swift */; };
		0AB41BAF2CABE9CD00AF51DB /* SignUp.swift in Sources */ = {isa = PBXBuildFile; fileRef = 0AB41BAE2CABE9CD00AF51DB /* SignUp.swift */; };
		0AB41BB12CABE9EB00AF51DB /* SignIn.swift in Sources */ = {isa = PBXBuildFile; fileRef = 0AB41BB02CABE9EB00AF51DB /* SignIn.swift */; };
		0AC7B9222CA8E8530025B1A9 /* Home.swift in Sources */ = {isa = PBXBuildFile; fileRef = 0AC7B9212CA8E8530025B1A9 /* Home.swift */; };
		0ACD99652CAEA9F600131287 /* GoogleService-Info.plist in Resources */ = {isa = PBXBuildFile; fileRef = 0ACD99642CAEA9F500131287 /* GoogleService-Info.plist */; };
		0ACD99682CAEAFB300131287 /* FirebaseAnalytics in Frameworks */ = {isa = PBXBuildFile; productRef = 0ACD99672CAEAFB300131287 /* FirebaseAnalytics */; };
		0ACD996A2CAEAFB300131287 /* FirebaseAnalyticsOnDeviceConversion in Frameworks */ = {isa = PBXBuildFile; productRef = 0ACD99692CAEAFB300131287 /* FirebaseAnalyticsOnDeviceConversion */; };
		0ACD996C2CAEAFB300131287 /* FirebaseAnalyticsWithoutAdIdSupport in Frameworks */ = {isa = PBXBuildFile; productRef = 0ACD996B2CAEAFB300131287 /* FirebaseAnalyticsWithoutAdIdSupport */; };
		0ACD996E2CAEAFB300131287 /* FirebaseAppCheck in Frameworks */ = {isa = PBXBuildFile; productRef = 0ACD996D2CAEAFB300131287 /* FirebaseAppCheck */; };
		0ACD99702CAEAFB300131287 /* FirebaseAppDistribution-Beta in Frameworks */ = {isa = PBXBuildFile; productRef = 0ACD996F2CAEAFB300131287 /* FirebaseAppDistribution-Beta */; };
		0ACD99722CAEAFB300131287 /* FirebaseAuth in Frameworks */ = {isa = PBXBuildFile; productRef = 0ACD99712CAEAFB300131287 /* FirebaseAuth */; };
		0ACD99742CAEAFB300131287 /* FirebaseAuthCombine-Community in Frameworks */ = {isa = PBXBuildFile; productRef = 0ACD99732CAEAFB300131287 /* FirebaseAuthCombine-Community */; };
		0ACD99762CAEAFB300131287 /* FirebaseCore in Frameworks */ = {isa = PBXBuildFile; productRef = 0ACD99752CAEAFB300131287 /* FirebaseCore */; };
		0ACD99782CAEAFB300131287 /* FirebaseCrashlytics in Frameworks */ = {isa = PBXBuildFile; productRef = 0ACD99772CAEAFB300131287 /* FirebaseCrashlytics */; };
		0ACD997A2CAEAFB300131287 /* FirebaseDatabase in Frameworks */ = {isa = PBXBuildFile; productRef = 0ACD99792CAEAFB300131287 /* FirebaseDatabase */; };
		0ACD997C2CAEAFB300131287 /* FirebaseDynamicLinks in Frameworks */ = {isa = PBXBuildFile; productRef = 0ACD997B2CAEAFB300131287 /* FirebaseDynamicLinks */; };
		0ACD997E2CAEAFB300131287 /* FirebaseFirestore in Frameworks */ = {isa = PBXBuildFile; productRef = 0ACD997D2CAEAFB300131287 /* FirebaseFirestore */; };
		0ACD99802CAEAFB300131287 /* FirebaseFirestoreCombine-Community in Frameworks */ = {isa = PBXBuildFile; productRef = 0ACD997F2CAEAFB300131287 /* FirebaseFirestoreCombine-Community */; };
		0ACD99822CAEAFB300131287 /* FirebaseFunctions in Frameworks */ = {isa = PBXBuildFile; productRef = 0ACD99812CAEAFB300131287 /* FirebaseFunctions */; };
		0ACD99842CAEAFB300131287 /* FirebaseFunctionsCombine-Community in Frameworks */ = {isa = PBXBuildFile; productRef = 0ACD99832CAEAFB300131287 /* FirebaseFunctionsCombine-Community */; };
		0ACD99862CAEAFB300131287 /* FirebaseInAppMessaging-Beta in Frameworks */ = {isa = PBXBuildFile; productRef = 0ACD99852CAEAFB300131287 /* FirebaseInAppMessaging-Beta */; };
		0ACD99882CAEAFB300131287 /* FirebaseInstallations in Frameworks */ = {isa = PBXBuildFile; productRef = 0ACD99872CAEAFB300131287 /* FirebaseInstallations */; };
		0ACD998A2CAEAFB300131287 /* FirebaseMLModelDownloader in Frameworks */ = {isa = PBXBuildFile; productRef = 0ACD99892CAEAFB300131287 /* FirebaseMLModelDownloader */; };
		0ACD998C2CAEAFB300131287 /* FirebaseMessaging in Frameworks */ = {isa = PBXBuildFile; productRef = 0ACD998B2CAEAFB300131287 /* FirebaseMessaging */; };
		0ACD998E2CAEAFB300131287 /* FirebasePerformance in Frameworks */ = {isa = PBXBuildFile; productRef = 0ACD998D2CAEAFB300131287 /* FirebasePerformance */; };
		0ACD99902CAEAFB300131287 /* FirebaseRemoteConfig in Frameworks */ = {isa = PBXBuildFile; productRef = 0ACD998F2CAEAFB300131287 /* FirebaseRemoteConfig */; };
		0ACD99922CAEAFB300131287 /* FirebaseStorage in Frameworks */ = {isa = PBXBuildFile; productRef = 0ACD99912CAEAFB300131287 /* FirebaseStorage */; };
		0ACD99942CAEAFB300131287 /* FirebaseStorageCombine-Community in Frameworks */ = {isa = PBXBuildFile; productRef = 0ACD99932CAEAFB300131287 /* FirebaseStorageCombine-Community */; };
		0ACD99962CAEAFB300131287 /* FirebaseVertexAI-Preview in Frameworks */ = {isa = PBXBuildFile; productRef = 0ACD99952CAEAFB300131287 /* FirebaseVertexAI-Preview */; };
		0ACD99982CAEB6D800131287 /* FirebaseService.swift in Sources */ = {isa = PBXBuildFile; fileRef = 0ACD99972CAEB6D800131287 /* FirebaseService.swift */; };
		0ACD999A2CAEB7DA00131287 /* ReceipeHome.swift in Sources */ = {isa = PBXBuildFile; fileRef = 0ACD99992CAEB7DA00131287 /* ReceipeHome.swift */; };
		0ACD999D2CAEB8C600131287 /* SDWebImageSwiftUI in Frameworks */ = {isa = PBXBuildFile; productRef = 0ACD999C2CAEB8C600131287 /* SDWebImageSwiftUI */; };
		A679BAE82CA7B79900F156AA /* FlavoryFoodAppApp.swift in Sources */ = {isa = PBXBuildFile; fileRef = A679BAE72CA7B79900F156AA /* FlavoryFoodAppApp.swift */; };
		A679BAEA2CA7B79900F156AA /* ContentView.swift in Sources */ = {isa = PBXBuildFile; fileRef = A679BAE92CA7B79900F156AA /* ContentView.swift */; };
		A679BAEC2CA7B79A00F156AA /* Assets.xcassets in Resources */ = {isa = PBXBuildFile; fileRef = A679BAEB2CA7B79A00F156AA /* Assets.xcassets */; };
		A679BAEF2CA7B79A00F156AA /* Preview Assets.xcassets in Resources */ = {isa = PBXBuildFile; fileRef = A679BAEE2CA7B79A00F156AA /* Preview Assets.xcassets */; };
		A679BAF92CA7B79A00F156AA /* FlavoryFoodAppTests.swift in Sources */ = {isa = PBXBuildFile; fileRef = A679BAF82CA7B79A00F156AA /* FlavoryFoodAppTests.swift */; };
		A679BB032CA7B79A00F156AA /* FlavoryFoodAppUITests.swift in Sources */ = {isa = PBXBuildFile; fileRef = A679BB022CA7B79A00F156AA /* FlavoryFoodAppUITests.swift */; };
		A679BB052CA7B79A00F156AA /* FlavoryFoodAppUITestsLaunchTests.swift in Sources */ = {isa = PBXBuildFile; fileRef = A679BB042CA7B79A00F156AA /* FlavoryFoodAppUITestsLaunchTests.swift */; };
/* End PBXBuildFile section */

/* Begin PBXContainerItemProxy section */
		A679BAF52CA7B79A00F156AA /* PBXContainerItemProxy */ = {
			isa = PBXContainerItemProxy;
			containerPortal = A679BADC2CA7B79900F156AA /* Project object */;
			proxyType = 1;
			remoteGlobalIDString = A679BAE32CA7B79900F156AA;
			remoteInfo = FlavoryFoodApp;
		};
		A679BAFF2CA7B79A00F156AA /* PBXContainerItemProxy */ = {
			isa = PBXContainerItemProxy;
			containerPortal = A679BADC2CA7B79900F156AA /* Project object */;
			proxyType = 1;
			remoteGlobalIDString = A679BAE32CA7B79900F156AA;
			remoteInfo = FlavoryFoodApp;
		};
/* End PBXContainerItemProxy section */

/* Begin PBXFileReference section */
		0AB41BA82CABE3BE00AF51DB /* Questionnaire.swift */ = {isa = PBXFileReference; lastKnownFileType = sourcecode.swift; path = Questionnaire.swift; sourceTree = "<group>"; };
		0AB41BAA2CABE91300AF51DB /* Questionnaire1.swift */ = {isa = PBXFileReference; lastKnownFileType = sourcecode.swift; path = Questionnaire1.swift; sourceTree = "<group>"; };
		0AB41BAC2CABE95B00AF51DB /* FaceRecognition.swift */ = {isa = PBXFileReference; lastKnownFileType = sourcecode.swift; path = FaceRecognition.swift; sourceTree = "<group>"; };
		0AB41BAE2CABE9CD00AF51DB /* SignUp.swift */ = {isa = PBXFileReference; lastKnownFileType = sourcecode.swift; path = SignUp.swift; sourceTree = "<group>"; };
		0AB41BB02CABE9EB00AF51DB /* SignIn.swift */ = {isa = PBXFileReference; lastKnownFileType = sourcecode.swift; path = SignIn.swift; sourceTree = "<group>"; };
		0AC7B9212CA8E8530025B1A9 /* Home.swift */ = {isa = PBXFileReference; lastKnownFileType = sourcecode.swift; path = Home.swift; sourceTree = "<group>"; };
		0ACD99642CAEA9F500131287 /* GoogleService-Info.plist */ = {isa = PBXFileReference; lastKnownFileType = text.plist.xml; path = "GoogleService-Info.plist"; sourceTree = "<group>"; };
		0ACD99972CAEB6D800131287 /* FirebaseService.swift */ = {isa = PBXFileReference; lastKnownFileType = sourcecode.swift; path = FirebaseService.swift; sourceTree = "<group>"; };
		0ACD99992CAEB7DA00131287 /* ReceipeHome.swift */ = {isa = PBXFileReference; lastKnownFileType = sourcecode.swift; path = ReceipeHome.swift; sourceTree = "<group>"; };
		A679BAE42CA7B79900F156AA /* FlavoryFoodApp.app */ = {isa = PBXFileReference; explicitFileType = wrapper.application; includeInIndex = 0; path = FlavoryFoodApp.app; sourceTree = BUILT_PRODUCTS_DIR; };
		A679BAE72CA7B79900F156AA /* FlavoryFoodAppApp.swift */ = {isa = PBXFileReference; lastKnownFileType = sourcecode.swift; path = FlavoryFoodAppApp.swift; sourceTree = "<group>"; };
		A679BAE92CA7B79900F156AA /* ContentView.swift */ = {isa = PBXFileReference; lastKnownFileType = sourcecode.swift; path = ContentView.swift; sourceTree = "<group>"; };
		A679BAEB2CA7B79A00F156AA /* Assets.xcassets */ = {isa = PBXFileReference; lastKnownFileType = folder.assetcatalog; path = Assets.xcassets; sourceTree = "<group>"; };
		A679BAEE2CA7B79A00F156AA /* Preview Assets.xcassets */ = {isa = PBXFileReference; lastKnownFileType = folder.assetcatalog; path = "Preview Assets.xcassets"; sourceTree = "<group>"; };
		A679BAF42CA7B79A00F156AA /* FlavoryFoodAppTests.xctest */ = {isa = PBXFileReference; explicitFileType = wrapper.cfbundle; includeInIndex = 0; path = FlavoryFoodAppTests.xctest; sourceTree = BUILT_PRODUCTS_DIR; };
		A679BAF82CA7B79A00F156AA /* FlavoryFoodAppTests.swift */ = {isa = PBXFileReference; lastKnownFileType = sourcecode.swift; path = FlavoryFoodAppTests.swift; sourceTree = "<group>"; };
		A679BAFE2CA7B79A00F156AA /* FlavoryFoodAppUITests.xctest */ = {isa = PBXFileReference; explicitFileType = wrapper.cfbundle; includeInIndex = 0; path = FlavoryFoodAppUITests.xctest; sourceTree = BUILT_PRODUCTS_DIR; };
		A679BB022CA7B79A00F156AA /* FlavoryFoodAppUITests.swift */ = {isa = PBXFileReference; lastKnownFileType = sourcecode.swift; path = FlavoryFoodAppUITests.swift; sourceTree = "<group>"; };
		A679BB042CA7B79A00F156AA /* FlavoryFoodAppUITestsLaunchTests.swift */ = {isa = PBXFileReference; lastKnownFileType = sourcecode.swift; path = FlavoryFoodAppUITestsLaunchTests.swift; sourceTree = "<group>"; };
/* End PBXFileReference section */

/* Begin PBXFrameworksBuildPhase section */
		A679BAE12CA7B79900F156AA /* Frameworks */ = {
			isa = PBXFrameworksBuildPhase;
			buildActionMask = 2147483647;
			files = (
				0ACD99962CAEAFB300131287 /* FirebaseVertexAI-Preview in Frameworks */,
				0ACD99802CAEAFB300131287 /* FirebaseFirestoreCombine-Community in Frameworks */,
				0ACD99822CAEAFB300131287 /* FirebaseFunctions in Frameworks */,
				0ACD998E2CAEAFB300131287 /* FirebasePerformance in Frameworks */,
				0ACD99942CAEAFB300131287 /* FirebaseStorageCombine-Community in Frameworks */,
				0ACD99902CAEAFB300131287 /* FirebaseRemoteConfig in Frameworks */,
				0ACD997A2CAEAFB300131287 /* FirebaseDatabase in Frameworks */,
				0ACD997C2CAEAFB300131287 /* FirebaseDynamicLinks in Frameworks */,
				0ACD996E2CAEAFB300131287 /* FirebaseAppCheck in Frameworks */,
				0ACD99722CAEAFB300131287 /* FirebaseAuth in Frameworks */,
				0ACD999D2CAEB8C600131287 /* SDWebImageSwiftUI in Frameworks */,
				0ACD99682CAEAFB300131287 /* FirebaseAnalytics in Frameworks */,
				0ACD997E2CAEAFB300131287 /* FirebaseFirestore in Frameworks */,
				0ACD998C2CAEAFB300131287 /* FirebaseMessaging in Frameworks */,
				0ACD99882CAEAFB300131287 /* FirebaseInstallations in Frameworks */,
				0ACD99842CAEAFB300131287 /* FirebaseFunctionsCombine-Community in Frameworks */,
				0ACD99702CAEAFB300131287 /* FirebaseAppDistribution-Beta in Frameworks */,
				0ACD996C2CAEAFB300131287 /* FirebaseAnalyticsWithoutAdIdSupport in Frameworks */,
				0ACD99862CAEAFB300131287 /* FirebaseInAppMessaging-Beta in Frameworks */,
				0ACD99742CAEAFB300131287 /* FirebaseAuthCombine-Community in Frameworks */,
				0ACD99782CAEAFB300131287 /* FirebaseCrashlytics in Frameworks */,
				0ACD998A2CAEAFB300131287 /* FirebaseMLModelDownloader in Frameworks */,
				0ACD99922CAEAFB300131287 /* FirebaseStorage in Frameworks */,
				0ACD99762CAEAFB300131287 /* FirebaseCore in Frameworks */,
				0ACD996A2CAEAFB300131287 /* FirebaseAnalyticsOnDeviceConversion in Frameworks */,
			);
			runOnlyForDeploymentPostprocessing = 0;
		};
		A679BAF12CA7B79A00F156AA /* Frameworks */ = {
			isa = PBXFrameworksBuildPhase;
			buildActionMask = 2147483647;
			files = (
			);
			runOnlyForDeploymentPostprocessing = 0;
		};
		A679BAFB2CA7B79A00F156AA /* Frameworks */ = {
			isa = PBXFrameworksBuildPhase;
			buildActionMask = 2147483647;
			files = (
			);
			runOnlyForDeploymentPostprocessing = 0;
		};
/* End PBXFrameworksBuildPhase section */

/* Begin PBXGroup section */
		A679BADB2CA7B79900F156AA = {
			isa = PBXGroup;
			children = (
				A679BAE62CA7B79900F156AA /* FlavoryFoodApp */,
				A679BAF72CA7B79A00F156AA /* FlavoryFoodAppTests */,
				A679BB012CA7B79A00F156AA /* FlavoryFoodAppUITests */,
				A679BAE52CA7B79900F156AA /* Products */,
			);
			sourceTree = "<group>";
		};
		A679BAE52CA7B79900F156AA /* Products */ = {
			isa = PBXGroup;
			children = (
				A679BAE42CA7B79900F156AA /* FlavoryFoodApp.app */,
				A679BAF42CA7B79A00F156AA /* FlavoryFoodAppTests.xctest */,
				A679BAFE2CA7B79A00F156AA /* FlavoryFoodAppUITests.xctest */,
			);
			name = Products;
			sourceTree = "<group>";
		};
		A679BAE62CA7B79900F156AA /* FlavoryFoodApp */ = {
			isa = PBXGroup;
			children = (
				A679BAE72CA7B79900F156AA /* FlavoryFoodAppApp.swift */,
				0ACD99992CAEB7DA00131287 /* ReceipeHome.swift */,
				0ACD99972CAEB6D800131287 /* FirebaseService.swift */,
				A679BAE92CA7B79900F156AA /* ContentView.swift */,
				0AC7B9212CA8E8530025B1A9 /* Home.swift */,
				0AB41BA82CABE3BE00AF51DB /* Questionnaire.swift */,
				0ACD99642CAEA9F500131287 /* GoogleService-Info.plist */,
				0AB41BB02CABE9EB00AF51DB /* SignIn.swift */,
				0AB41BAE2CABE9CD00AF51DB /* SignUp.swift */,
				0AB41BAC2CABE95B00AF51DB /* FaceRecognition.swift */,
				0AB41BAA2CABE91300AF51DB /* Questionnaire1.swift */,
				A679BAEB2CA7B79A00F156AA /* Assets.xcassets */,
				A679BAED2CA7B79A00F156AA /* Preview Content */,
			);
			path = FlavoryFoodApp;
			sourceTree = "<group>";
		};
		A679BAED2CA7B79A00F156AA /* Preview Content */ = {
			isa = PBXGroup;
			children = (
				A679BAEE2CA7B79A00F156AA /* Preview Assets.xcassets */,
			);
			path = "Preview Content";
			sourceTree = "<group>";
		};
		A679BAF72CA7B79A00F156AA /* FlavoryFoodAppTests */ = {
			isa = PBXGroup;
			children = (
				A679BAF82CA7B79A00F156AA /* FlavoryFoodAppTests.swift */,
			);
			path = FlavoryFoodAppTests;
			sourceTree = "<group>";
		};
		A679BB012CA7B79A00F156AA /* FlavoryFoodAppUITests */ = {
			isa = PBXGroup;
			children = (
				A679BB022CA7B79A00F156AA /* FlavoryFoodAppUITests.swift */,
				A679BB042CA7B79A00F156AA /* FlavoryFoodAppUITestsLaunchTests.swift */,
			);
			path = FlavoryFoodAppUITests;
			sourceTree = "<group>";
		};
/* End PBXGroup section */

/* Begin PBXNativeTarget section */
		A679BAE32CA7B79900F156AA /* FlavoryFoodApp */ = {
			isa = PBXNativeTarget;
			buildConfigurationList = A679BB082CA7B79A00F156AA /* Build configuration list for PBXNativeTarget "FlavoryFoodApp" */;
			buildPhases = (
				A679BAE02CA7B79900F156AA /* Sources */,
				A679BAE12CA7B79900F156AA /* Frameworks */,
				A679BAE22CA7B79900F156AA /* Resources */,
			);
			buildRules = (
			);
			dependencies = (
			);
			name = FlavoryFoodApp;
			productName = FlavoryFoodApp;
			productReference = A679BAE42CA7B79900F156AA /* FlavoryFoodApp.app */;
			productType = "com.apple.product-type.application";
		};
		A679BAF32CA7B79A00F156AA /* FlavoryFoodAppTests */ = {
			isa = PBXNativeTarget;
			buildConfigurationList = A679BB0B2CA7B79A00F156AA /* Build configuration list for PBXNativeTarget "FlavoryFoodAppTests" */;
			buildPhases = (
				A679BAF02CA7B79A00F156AA /* Sources */,
				A679BAF12CA7B79A00F156AA /* Frameworks */,
				A679BAF22CA7B79A00F156AA /* Resources */,
			);
			buildRules = (
			);
			dependencies = (
				A679BAF62CA7B79A00F156AA /* PBXTargetDependency */,
			);
			name = FlavoryFoodAppTests;
			productName = FlavoryFoodAppTests;
			productReference = A679BAF42CA7B79A00F156AA /* FlavoryFoodAppTests.xctest */;
			productType = "com.apple.product-type.bundle.unit-test";
		};
		A679BAFD2CA7B79A00F156AA /* FlavoryFoodAppUITests */ = {
			isa = PBXNativeTarget;
			buildConfigurationList = A679BB0E2CA7B79A00F156AA /* Build configuration list for PBXNativeTarget "FlavoryFoodAppUITests" */;
			buildPhases = (
				A679BAFA2CA7B79A00F156AA /* Sources */,
				A679BAFB2CA7B79A00F156AA /* Frameworks */,
				A679BAFC2CA7B79A00F156AA /* Resources */,
			);
			buildRules = (
			);
			dependencies = (
				A679BB002CA7B79A00F156AA /* PBXTargetDependency */,
			);
			name = FlavoryFoodAppUITests;
			productName = FlavoryFoodAppUITests;
			productReference = A679BAFE2CA7B79A00F156AA /* FlavoryFoodAppUITests.xctest */;
			productType = "com.apple.product-type.bundle.ui-testing";
		};
/* End PBXNativeTarget section */

/* Begin PBXProject section */
		A679BADC2CA7B79900F156AA /* Project object */ = {
			isa = PBXProject;
			attributes = {
				BuildIndependentTargetsInParallel = 1;
				LastSwiftUpdateCheck = 1520;
				LastUpgradeCheck = 1520;
				TargetAttributes = {
					A679BAE32CA7B79900F156AA = {
						CreatedOnToolsVersion = 15.2;
					};
					A679BAF32CA7B79A00F156AA = {
						CreatedOnToolsVersion = 15.2;
						TestTargetID = A679BAE32CA7B79900F156AA;
					};
					A679BAFD2CA7B79A00F156AA = {
						CreatedOnToolsVersion = 15.2;
						TestTargetID = A679BAE32CA7B79900F156AA;
					};
				};
			};
			buildConfigurationList = A679BADF2CA7B79900F156AA /* Build configuration list for PBXProject "FlavoryFoodApp" */;
			compatibilityVersion = "Xcode 14.0";
			developmentRegion = en;
			hasScannedForEncodings = 0;
			knownRegions = (
				en,
				Base,
			);
			mainGroup = A679BADB2CA7B79900F156AA;
			packageReferences = (
				0ACD99662CAEABE100131287 /* XCRemoteSwiftPackageReference "firebase-ios-sdk" */,
				0ACD999B2CAEB8C600131287 /* XCRemoteSwiftPackageReference "SDWebImageSwiftUI" */,
			);
			productRefGroup = A679BAE52CA7B79900F156AA /* Products */;
			projectDirPath = "";
			projectRoot = "";
			targets = (
				A679BAE32CA7B79900F156AA /* FlavoryFoodApp */,
				A679BAF32CA7B79A00F156AA /* FlavoryFoodAppTests */,
				A679BAFD2CA7B79A00F156AA /* FlavoryFoodAppUITests */,
			);
		};
/* End PBXProject section */

/* Begin PBXResourcesBuildPhase section */
		A679BAE22CA7B79900F156AA /* Resources */ = {
			isa = PBXResourcesBuildPhase;
			buildActionMask = 2147483647;
			files = (
				A679BAEF2CA7B79A00F156AA /* Preview Assets.xcassets in Resources */,
				A679BAEC2CA7B79A00F156AA /* Assets.xcassets in Resources */,
				0ACD99652CAEA9F600131287 /* GoogleService-Info.plist in Resources */,
			);
			runOnlyForDeploymentPostprocessing = 0;
		};
		A679BAF22CA7B79A00F156AA /* Resources */ = {
			isa = PBXResourcesBuildPhase;
			buildActionMask = 2147483647;
			files = (
			);
			runOnlyForDeploymentPostprocessing = 0;
		};
		A679BAFC2CA7B79A00F156AA /* Resources */ = {
			isa = PBXResourcesBuildPhase;
			buildActionMask = 2147483647;
			files = (
			);
			runOnlyForDeploymentPostprocessing = 0;
		};
/* End PBXResourcesBuildPhase section */

/* Begin PBXSourcesBuildPhase section */
		A679BAE02CA7B79900F156AA /* Sources */ = {
			isa = PBXSourcesBuildPhase;
			buildActionMask = 2147483647;
			files = (
				0ACD999A2CAEB7DA00131287 /* ReceipeHome.swift in Sources */,
				0AB41BAF2CABE9CD00AF51DB /* SignUp.swift in Sources */,
				0AB41BAD2CABE95B00AF51DB /* FaceRecognition.swift in Sources */,
				A679BAEA2CA7B79900F156AA /* ContentView.swift in Sources */,
				0AB41BA92CABE3BE00AF51DB /* Questionnaire.swift in Sources */,
				0ACD99982CAEB6D800131287 /* FirebaseService.swift in Sources */,
				0AB41BAB2CABE91300AF51DB /* Questionnaire1.swift in Sources */,
				0AC7B9222CA8E8530025B1A9 /* Home.swift in Sources */,
				A679BAE82CA7B79900F156AA /* FlavoryFoodAppApp.swift in Sources */,
				0AB41BB12CABE9EB00AF51DB /* SignIn.swift in Sources */,
			);
			runOnlyForDeploymentPostprocessing = 0;
		};
		A679BAF02CA7B79A00F156AA /* Sources */ = {
			isa = PBXSourcesBuildPhase;
			buildActionMask = 2147483647;
			files = (
				A679BAF92CA7B79A00F156AA /* FlavoryFoodAppTests.swift in Sources */,
			);
			runOnlyForDeploymentPostprocessing = 0;
		};
		A679BAFA2CA7B79A00F156AA /* Sources */ = {
			isa = PBXSourcesBuildPhase;
			buildActionMask = 2147483647;
			files = (
				A679BB052CA7B79A00F156AA /* FlavoryFoodAppUITestsLaunchTests.swift in Sources */,
				A679BB032CA7B79A00F156AA /* FlavoryFoodAppUITests.swift in Sources */,
			);
			runOnlyForDeploymentPostprocessing = 0;
		};
/* End PBXSourcesBuildPhase section */

/* Begin PBXTargetDependency section */
		A679BAF62CA7B79A00F156AA /* PBXTargetDependency */ = {
			isa = PBXTargetDependency;
			target = A679BAE32CA7B79900F156AA /* FlavoryFoodApp */;
			targetProxy = A679BAF52CA7B79A00F156AA /* PBXContainerItemProxy */;
		};
		A679BB002CA7B79A00F156AA /* PBXTargetDependency */ = {
			isa = PBXTargetDependency;
			target = A679BAE32CA7B79900F156AA /* FlavoryFoodApp */;
			targetProxy = A679BAFF2CA7B79A00F156AA /* PBXContainerItemProxy */;
		};
/* End PBXTargetDependency section */

/* Begin XCBuildConfiguration section */
		A679BB062CA7B79A00F156AA /* Debug */ = {
			isa = XCBuildConfiguration;
			buildSettings = {
				ALWAYS_SEARCH_USER_PATHS = NO;
				ASSETCATALOG_COMPILER_GENERATE_SWIFT_ASSET_SYMBOL_EXTENSIONS = YES;
				CLANG_ANALYZER_NONNULL = YES;
				CLANG_ANALYZER_NUMBER_OBJECT_CONVERSION = YES_AGGRESSIVE;
				CLANG_CXX_LANGUAGE_STANDARD = "gnu++20";
				CLANG_ENABLE_MODULES = YES;
				CLANG_ENABLE_OBJC_ARC = YES;
				CLANG_ENABLE_OBJC_WEAK = YES;
				CLANG_WARN_BLOCK_CAPTURE_AUTORELEASING = YES;
				CLANG_WARN_BOOL_CONVERSION = YES;
				CLANG_WARN_COMMA = YES;
				CLANG_WARN_CONSTANT_CONVERSION = YES;
				CLANG_WARN_DEPRECATED_OBJC_IMPLEMENTATIONS = YES;
				CLANG_WARN_DIRECT_OBJC_ISA_USAGE = YES_ERROR;
				CLANG_WARN_DOCUMENTATION_COMMENTS = YES;
				CLANG_WARN_EMPTY_BODY = YES;
				CLANG_WARN_ENUM_CONVERSION = YES;
				CLANG_WARN_INFINITE_RECURSION = YES;
				CLANG_WARN_INT_CONVERSION = YES;
				CLANG_WARN_NON_LITERAL_NULL_CONVERSION = YES;
				CLANG_WARN_OBJC_IMPLICIT_RETAIN_SELF = YES;
				CLANG_WARN_OBJC_LITERAL_CONVERSION = YES;
				CLANG_WARN_OBJC_ROOT_CLASS = YES_ERROR;
				CLANG_WARN_QUOTED_INCLUDE_IN_FRAMEWORK_HEADER = YES;
				CLANG_WARN_RANGE_LOOP_ANALYSIS = YES;
				CLANG_WARN_STRICT_PROTOTYPES = YES;
				CLANG_WARN_SUSPICIOUS_MOVE = YES;
				CLANG_WARN_UNGUARDED_AVAILABILITY = YES_AGGRESSIVE;
				CLANG_WARN_UNREACHABLE_CODE = YES;
				CLANG_WARN__DUPLICATE_METHOD_MATCH = YES;
				COPY_PHASE_STRIP = NO;
				DEBUG_INFORMATION_FORMAT = dwarf;
				ENABLE_STRICT_OBJC_MSGSEND = YES;
				ENABLE_TESTABILITY = YES;
				ENABLE_USER_SCRIPT_SANDBOXING = YES;
				GCC_C_LANGUAGE_STANDARD = gnu17;
				GCC_DYNAMIC_NO_PIC = NO;
				GCC_NO_COMMON_BLOCKS = YES;
				GCC_OPTIMIZATION_LEVEL = 0;
				GCC_PREPROCESSOR_DEFINITIONS = (
					"DEBUG=1",
					"$(inherited)",
				);
				GCC_WARN_64_TO_32_BIT_CONVERSION = YES;
				GCC_WARN_ABOUT_RETURN_TYPE = YES_ERROR;
				GCC_WARN_UNDECLARED_SELECTOR = YES;
				GCC_WARN_UNINITIALIZED_AUTOS = YES_AGGRESSIVE;
				GCC_WARN_UNUSED_FUNCTION = YES;
				GCC_WARN_UNUSED_VARIABLE = YES;
				IPHONEOS_DEPLOYMENT_TARGET = 17.2;
				LOCALIZATION_PREFERS_STRING_CATALOGS = YES;
				MTL_ENABLE_DEBUG_INFO = INCLUDE_SOURCE;
				MTL_FAST_MATH = YES;
				ONLY_ACTIVE_ARCH = YES;
				SDKROOT = iphoneos;
				SWIFT_ACTIVE_COMPILATION_CONDITIONS = "DEBUG $(inherited)";
				SWIFT_OPTIMIZATION_LEVEL = "-Onone";
			};
			name = Debug;
		};
		A679BB072CA7B79A00F156AA /* Release */ = {
			isa = XCBuildConfiguration;
			buildSettings = {
				ALWAYS_SEARCH_USER_PATHS = NO;
				ASSETCATALOG_COMPILER_GENERATE_SWIFT_ASSET_SYMBOL_EXTENSIONS = YES;
				CLANG_ANALYZER_NONNULL = YES;
				CLANG_ANALYZER_NUMBER_OBJECT_CONVERSION = YES_AGGRESSIVE;
				CLANG_CXX_LANGUAGE_STANDARD = "gnu++20";
				CLANG_ENABLE_MODULES = YES;
				CLANG_ENABLE_OBJC_ARC = YES;
				CLANG_ENABLE_OBJC_WEAK = YES;
				CLANG_WARN_BLOCK_CAPTURE_AUTORELEASING = YES;
				CLANG_WARN_BOOL_CONVERSION = YES;
				CLANG_WARN_COMMA = YES;
				CLANG_WARN_CONSTANT_CONVERSION = YES;
				CLANG_WARN_DEPRECATED_OBJC_IMPLEMENTATIONS = YES;
				CLANG_WARN_DIRECT_OBJC_ISA_USAGE = YES_ERROR;
				CLANG_WARN_DOCUMENTATION_COMMENTS = YES;
				CLANG_WARN_EMPTY_BODY = YES;
				CLANG_WARN_ENUM_CONVERSION = YES;
				CLANG_WARN_INFINITE_RECURSION = YES;
				CLANG_WARN_INT_CONVERSION = YES;
				CLANG_WARN_NON_LITERAL_NULL_CONVERSION = YES;
				CLANG_WARN_OBJC_IMPLICIT_RETAIN_SELF = YES;
				CLANG_WARN_OBJC_LITERAL_CONVERSION = YES;
				CLANG_WARN_OBJC_ROOT_CLASS = YES_ERROR;
				CLANG_WARN_QUOTED_INCLUDE_IN_FRAMEWORK_HEADER = YES;
				CLANG_WARN_RANGE_LOOP_ANALYSIS = YES;
				CLANG_WARN_STRICT_PROTOTYPES = YES;
				CLANG_WARN_SUSPICIOUS_MOVE = YES;
				CLANG_WARN_UNGUARDED_AVAILABILITY = YES_AGGRESSIVE;
				CLANG_WARN_UNREACHABLE_CODE = YES;
				CLANG_WARN__DUPLICATE_METHOD_MATCH = YES;
				COPY_PHASE_STRIP = NO;
				DEBUG_INFORMATION_FORMAT = "dwarf-with-dsym";
				ENABLE_NS_ASSERTIONS = NO;
				ENABLE_STRICT_OBJC_MSGSEND = YES;
				ENABLE_USER_SCRIPT_SANDBOXING = YES;
				GCC_C_LANGUAGE_STANDARD = gnu17;
				GCC_NO_COMMON_BLOCKS = YES;
				GCC_WARN_64_TO_32_BIT_CONVERSION = YES;
				GCC_WARN_ABOUT_RETURN_TYPE = YES_ERROR;
				GCC_WARN_UNDECLARED_SELECTOR = YES;
				GCC_WARN_UNINITIALIZED_AUTOS = YES_AGGRESSIVE;
				GCC_WARN_UNUSED_FUNCTION = YES;
				GCC_WARN_UNUSED_VARIABLE = YES;
				IPHONEOS_DEPLOYMENT_TARGET = 17.2;
				LOCALIZATION_PREFERS_STRING_CATALOGS = YES;
				MTL_ENABLE_DEBUG_INFO = NO;
				MTL_FAST_MATH = YES;
				SDKROOT = iphoneos;
				SWIFT_COMPILATION_MODE = wholemodule;
				VALIDATE_PRODUCT = YES;
			};
			name = Release;
		};
		A679BB092CA7B79A00F156AA /* Debug */ = {
			isa = XCBuildConfiguration;
			buildSettings = {
				ASSETCATALOG_COMPILER_APPICON_NAME = AppIcon;
				ASSETCATALOG_COMPILER_GLOBAL_ACCENT_COLOR_NAME = AccentColor;
				CODE_SIGN_STYLE = Automatic;
				CURRENT_PROJECT_VERSION = 1;
				DEVELOPMENT_ASSET_PATHS = "\"FlavoryFoodApp/Preview Content\"";
				DEVELOPMENT_TEAM = 55X9WQKMZH;
				ENABLE_PREVIEWS = YES;
				GENERATE_INFOPLIST_FILE = YES;
				INFOPLIST_KEY_UIApplicationSceneManifest_Generation = YES;
				INFOPLIST_KEY_UIApplicationSupportsIndirectInputEvents = YES;
				INFOPLIST_KEY_UILaunchScreen_Generation = YES;
				INFOPLIST_KEY_UISupportedInterfaceOrientations_iPad = "UIInterfaceOrientationPortrait UIInterfaceOrientationPortraitUpsideDown UIInterfaceOrientationLandscapeLeft UIInterfaceOrientationLandscapeRight";
				INFOPLIST_KEY_UISupportedInterfaceOrientations_iPhone = "UIInterfaceOrientationPortrait UIInterfaceOrientationLandscapeLeft UIInterfaceOrientationLandscapeRight";
				LD_RUNPATH_SEARCH_PATHS = (
					"$(inherited)",
					"@executable_path/Frameworks",
				);
				MARKETING_VERSION = 1.0;
				PRODUCT_BUNDLE_IDENTIFIER = Tharusha.FlavoryFoodApp;
				PRODUCT_NAME = "$(TARGET_NAME)";
				SWIFT_EMIT_LOC_STRINGS = YES;
				SWIFT_VERSION = 5.0;
				TARGETED_DEVICE_FAMILY = "1,2";
			};
			name = Debug;
		};
		A679BB0A2CA7B79A00F156AA /* Release */ = {
			isa = XCBuildConfiguration;
			buildSettings = {
				ASSETCATALOG_COMPILER_APPICON_NAME = AppIcon;
				ASSETCATALOG_COMPILER_GLOBAL_ACCENT_COLOR_NAME = AccentColor;
				CODE_SIGN_STYLE = Automatic;
				CURRENT_PROJECT_VERSION = 1;
				DEVELOPMENT_ASSET_PATHS = "\"FlavoryFoodApp/Preview Content\"";
				DEVELOPMENT_TEAM = 55X9WQKMZH;
				ENABLE_PREVIEWS = YES;
				GENERATE_INFOPLIST_FILE = YES;
				INFOPLIST_KEY_UIApplicationSceneManifest_Generation = YES;
				INFOPLIST_KEY_UIApplicationSupportsIndirectInputEvents = YES;
				INFOPLIST_KEY_UILaunchScreen_Generation = YES;
				INFOPLIST_KEY_UISupportedInterfaceOrientations_iPad = "UIInterfaceOrientationPortrait UIInterfaceOrientationPortraitUpsideDown UIInterfaceOrientationLandscapeLeft UIInterfaceOrientationLandscapeRight";
				INFOPLIST_KEY_UISupportedInterfaceOrientations_iPhone = "UIInterfaceOrientationPortrait UIInterfaceOrientationLandscapeLeft UIInterfaceOrientationLandscapeRight";
				LD_RUNPATH_SEARCH_PATHS = (
					"$(inherited)",
					"@executable_path/Frameworks",
				);
				MARKETING_VERSION = 1.0;
				PRODUCT_BUNDLE_IDENTIFIER = Tharusha.FlavoryFoodApp;
				PRODUCT_NAME = "$(TARGET_NAME)";
				SWIFT_EMIT_LOC_STRINGS = YES;
				SWIFT_VERSION = 5.0;
				TARGETED_DEVICE_FAMILY = "1,2";
			};
			name = Release;
		};
		A679BB0C2CA7B79A00F156AA /* Debug */ = {
			isa = XCBuildConfiguration;
			buildSettings = {
				ALWAYS_EMBED_SWIFT_STANDARD_LIBRARIES = YES;
				BUNDLE_LOADER = "$(TEST_HOST)";
				CODE_SIGN_STYLE = Automatic;
				CURRENT_PROJECT_VERSION = 1;
				DEVELOPMENT_TEAM = 55X9WQKMZH;
				GENERATE_INFOPLIST_FILE = YES;
				IPHONEOS_DEPLOYMENT_TARGET = 17.2;
				MARKETING_VERSION = 1.0;
				PRODUCT_BUNDLE_IDENTIFIER = Tharusha.FlavoryFoodAppTests;
				PRODUCT_NAME = "$(TARGET_NAME)";
				SWIFT_EMIT_LOC_STRINGS = NO;
				SWIFT_VERSION = 5.0;
				TARGETED_DEVICE_FAMILY = "1,2";
				TEST_HOST = "$(BUILT_PRODUCTS_DIR)/FlavoryFoodApp.app/$(BUNDLE_EXECUTABLE_FOLDER_PATH)/FlavoryFoodApp";
			};
			name = Debug;
		};
		A679BB0D2CA7B79A00F156AA /* Release */ = {
			isa = XCBuildConfiguration;
			buildSettings = {
				ALWAYS_EMBED_SWIFT_STANDARD_LIBRARIES = YES;
				BUNDLE_LOADER = "$(TEST_HOST)";
				CODE_SIGN_STYLE = Automatic;
				CURRENT_PROJECT_VERSION = 1;
				DEVELOPMENT_TEAM = 55X9WQKMZH;
				GENERATE_INFOPLIST_FILE = YES;
				IPHONEOS_DEPLOYMENT_TARGET = 17.2;
				MARKETING_VERSION = 1.0;
				PRODUCT_BUNDLE_IDENTIFIER = Tharusha.FlavoryFoodAppTests;
				PRODUCT_NAME = "$(TARGET_NAME)";
				SWIFT_EMIT_LOC_STRINGS = NO;
				SWIFT_VERSION = 5.0;
				TARGETED_DEVICE_FAMILY = "1,2";
				TEST_HOST = "$(BUILT_PRODUCTS_DIR)/FlavoryFoodApp.app/$(BUNDLE_EXECUTABLE_FOLDER_PATH)/FlavoryFoodApp";
			};
			name = Release;
		};
		A679BB0F2CA7B79A00F156AA /* Debug */ = {
			isa = XCBuildConfiguration;
			buildSettings = {
				ALWAYS_EMBED_SWIFT_STANDARD_LIBRARIES = YES;
				CODE_SIGN_STYLE = Automatic;
				CURRENT_PROJECT_VERSION = 1;
				DEVELOPMENT_TEAM = 55X9WQKMZH;
				GENERATE_INFOPLIST_FILE = YES;
				MARKETING_VERSION = 1.0;
				PRODUCT_BUNDLE_IDENTIFIER = Tharusha.FlavoryFoodAppUITests;
				PRODUCT_NAME = "$(TARGET_NAME)";
				SWIFT_EMIT_LOC_STRINGS = NO;
				SWIFT_VERSION = 5.0;
				TARGETED_DEVICE_FAMILY = "1,2";
				TEST_TARGET_NAME = FlavoryFoodApp;
			};
			name = Debug;
		};
		A679BB102CA7B79A00F156AA /* Release */ = {
			isa = XCBuildConfiguration;
			buildSettings = {
				ALWAYS_EMBED_SWIFT_STANDARD_LIBRARIES = YES;
				CODE_SIGN_STYLE = Automatic;
				CURRENT_PROJECT_VERSION = 1;
				DEVELOPMENT_TEAM = 55X9WQKMZH;
				GENERATE_INFOPLIST_FILE = YES;
				MARKETING_VERSION = 1.0;
				PRODUCT_BUNDLE_IDENTIFIER = Tharusha.FlavoryFoodAppUITests;
				PRODUCT_NAME = "$(TARGET_NAME)";
				SWIFT_EMIT_LOC_STRINGS = NO;
				SWIFT_VERSION = 5.0;
				TARGETED_DEVICE_FAMILY = "1,2";
				TEST_TARGET_NAME = FlavoryFoodApp;
			};
			name = Release;
		};
/* End XCBuildConfiguration section */

/* Begin XCConfigurationList section */
		A679BADF2CA7B79900F156AA /* Build configuration list for PBXProject "FlavoryFoodApp" */ = {
			isa = XCConfigurationList;
			buildConfigurations = (
				A679BB062CA7B79A00F156AA /* Debug */,
				A679BB072CA7B79A00F156AA /* Release */,
			);
			defaultConfigurationIsVisible = 0;
			defaultConfigurationName = Release;
		};
		A679BB082CA7B79A00F156AA /* Build configuration list for PBXNativeTarget "FlavoryFoodApp" */ = {
			isa = XCConfigurationList;
			buildConfigurations = (
				A679BB092CA7B79A00F156AA /* Debug */,
				A679BB0A2CA7B79A00F156AA /* Release */,
			);
			defaultConfigurationIsVisible = 0;
			defaultConfigurationName = Release;
		};
		A679BB0B2CA7B79A00F156AA /* Build configuration list for PBXNativeTarget "FlavoryFoodAppTests" */ = {
			isa = XCConfigurationList;
			buildConfigurations = (
				A679BB0C2CA7B79A00F156AA /* Debug */,
				A679BB0D2CA7B79A00F156AA /* Release */,
			);
			defaultConfigurationIsVisible = 0;
			defaultConfigurationName = Release;
		};
		A679BB0E2CA7B79A00F156AA /* Build configuration list for PBXNativeTarget "FlavoryFoodAppUITests" */ = {
			isa = XCConfigurationList;
			buildConfigurations = (
				A679BB0F2CA7B79A00F156AA /* Debug */,
				A679BB102CA7B79A00F156AA /* Release */,
			);
			defaultConfigurationIsVisible = 0;
			defaultConfigurationName = Release;
		};
/* End XCConfigurationList section */

/* Begin XCRemoteSwiftPackageReference section */
		0ACD99662CAEABE100131287 /* XCRemoteSwiftPackageReference "firebase-ios-sdk" */ = {
			isa = XCRemoteSwiftPackageReference;
			repositoryURL = "https://github.com/firebase/firebase-ios-sdk";
			requirement = {
				kind = upToNextMajorVersion;
				minimumVersion = 11.3.0;
			};
		};
		0ACD999B2CAEB8C600131287 /* XCRemoteSwiftPackageReference "SDWebImageSwiftUI" */ = {
			isa = XCRemoteSwiftPackageReference;
			repositoryURL = "https://github.com/SDWebImage/SDWebImageSwiftUI";
			requirement = {
				kind = upToNextMajorVersion;
				minimumVersion = 3.1.2;
			};
		};
/* End XCRemoteSwiftPackageReference section */

/* Begin XCSwiftPackageProductDependency section */
		0ACD99672CAEAFB300131287 /* FirebaseAnalytics */ = {
			isa = XCSwiftPackageProductDependency;
			package = 0ACD99662CAEABE100131287 /* XCRemoteSwiftPackageReference "firebase-ios-sdk" */;
			productName = FirebaseAnalytics;
		};
		0ACD99692CAEAFB300131287 /* FirebaseAnalyticsOnDeviceConversion */ = {
			isa = XCSwiftPackageProductDependency;
			package = 0ACD99662CAEABE100131287 /* XCRemoteSwiftPackageReference "firebase-ios-sdk" */;
			productName = FirebaseAnalyticsOnDeviceConversion;
		};
		0ACD996B2CAEAFB300131287 /* FirebaseAnalyticsWithoutAdIdSupport */ = {
			isa = XCSwiftPackageProductDependency;
			package = 0ACD99662CAEABE100131287 /* XCRemoteSwiftPackageReference "firebase-ios-sdk" */;
			productName = FirebaseAnalyticsWithoutAdIdSupport;
		};
		0ACD996D2CAEAFB300131287 /* FirebaseAppCheck */ = {
			isa = XCSwiftPackageProductDependency;
			package = 0ACD99662CAEABE100131287 /* XCRemoteSwiftPackageReference "firebase-ios-sdk" */;
			productName = FirebaseAppCheck;
		};
		0ACD996F2CAEAFB300131287 /* FirebaseAppDistribution-Beta */ = {
			isa = XCSwiftPackageProductDependency;
			package = 0ACD99662CAEABE100131287 /* XCRemoteSwiftPackageReference "firebase-ios-sdk" */;
			productName = "FirebaseAppDistribution-Beta";
		};
		0ACD99712CAEAFB300131287 /* FirebaseAuth */ = {
			isa = XCSwiftPackageProductDependency;
			package = 0ACD99662CAEABE100131287 /* XCRemoteSwiftPackageReference "firebase-ios-sdk" */;
			productName = FirebaseAuth;
		};
		0ACD99732CAEAFB300131287 /* FirebaseAuthCombine-Community */ = {
			isa = XCSwiftPackageProductDependency;
			package = 0ACD99662CAEABE100131287 /* XCRemoteSwiftPackageReference "firebase-ios-sdk" */;
			productName = "FirebaseAuthCombine-Community";
		};
		0ACD99752CAEAFB300131287 /* FirebaseCore */ = {
			isa = XCSwiftPackageProductDependency;
			package = 0ACD99662CAEABE100131287 /* XCRemoteSwiftPackageReference "firebase-ios-sdk" */;
			productName = FirebaseCore;
		};
		0ACD99772CAEAFB300131287 /* FirebaseCrashlytics */ = {
			isa = XCSwiftPackageProductDependency;
			package = 0ACD99662CAEABE100131287 /* XCRemoteSwiftPackageReference "firebase-ios-sdk" */;
			productName = FirebaseCrashlytics;
		};
		0ACD99792CAEAFB300131287 /* FirebaseDatabase */ = {
			isa = XCSwiftPackageProductDependency;
			package = 0ACD99662CAEABE100131287 /* XCRemoteSwiftPackageReference "firebase-ios-sdk" */;
			productName = FirebaseDatabase;
		};
		0ACD997B2CAEAFB300131287 /* FirebaseDynamicLinks */ = {
			isa = XCSwiftPackageProductDependency;
			package = 0ACD99662CAEABE100131287 /* XCRemoteSwiftPackageReference "firebase-ios-sdk" */;
			productName = FirebaseDynamicLinks;
		};
		0ACD997D2CAEAFB300131287 /* FirebaseFirestore */ = {
			isa = XCSwiftPackageProductDependency;
			package = 0ACD99662CAEABE100131287 /* XCRemoteSwiftPackageReference "firebase-ios-sdk" */;
			productName = FirebaseFirestore;
		};
		0ACD997F2CAEAFB300131287 /* FirebaseFirestoreCombine-Community */ = {
			isa = XCSwiftPackageProductDependency;
			package = 0ACD99662CAEABE100131287 /* XCRemoteSwiftPackageReference "firebase-ios-sdk" */;
			productName = "FirebaseFirestoreCombine-Community";
		};
		0ACD99812CAEAFB300131287 /* FirebaseFunctions */ = {
			isa = XCSwiftPackageProductDependency;
			package = 0ACD99662CAEABE100131287 /* XCRemoteSwiftPackageReference "firebase-ios-sdk" */;
			productName = FirebaseFunctions;
		};
		0ACD99832CAEAFB300131287 /* FirebaseFunctionsCombine-Community */ = {
			isa = XCSwiftPackageProductDependency;
			package = 0ACD99662CAEABE100131287 /* XCRemoteSwiftPackageReference "firebase-ios-sdk" */;
			productName = "FirebaseFunctionsCombine-Community";
		};
		0ACD99852CAEAFB300131287 /* FirebaseInAppMessaging-Beta */ = {
			isa = XCSwiftPackageProductDependency;
			package = 0ACD99662CAEABE100131287 /* XCRemoteSwiftPackageReference "firebase-ios-sdk" */;
			productName = "FirebaseInAppMessaging-Beta";
		};
		0ACD99872CAEAFB300131287 /* FirebaseInstallations */ = {
			isa = XCSwiftPackageProductDependency;
			package = 0ACD99662CAEABE100131287 /* XCRemoteSwiftPackageReference "firebase-ios-sdk" */;
			productName = FirebaseInstallations;
		};
		0ACD99892CAEAFB300131287 /* FirebaseMLModelDownloader */ = {
			isa = XCSwiftPackageProductDependency;
			package = 0ACD99662CAEABE100131287 /* XCRemoteSwiftPackageReference "firebase-ios-sdk" */;
			productName = FirebaseMLModelDownloader;
		};
		0ACD998B2CAEAFB300131287 /* FirebaseMessaging */ = {
			isa = XCSwiftPackageProductDependency;
			package = 0ACD99662CAEABE100131287 /* XCRemoteSwiftPackageReference "firebase-ios-sdk" */;
			productName = FirebaseMessaging;
		};
		0ACD998D2CAEAFB300131287 /* FirebasePerformance */ = {
			isa = XCSwiftPackageProductDependency;
			package = 0ACD99662CAEABE100131287 /* XCRemoteSwiftPackageReference "firebase-ios-sdk" */;
			productName = FirebasePerformance;
		};
		0ACD998F2CAEAFB300131287 /* FirebaseRemoteConfig */ = {
			isa = XCSwiftPackageProductDependency;
			package = 0ACD99662CAEABE100131287 /* XCRemoteSwiftPackageReference "firebase-ios-sdk" */;
			productName = FirebaseRemoteConfig;
		};
		0ACD99912CAEAFB300131287 /* FirebaseStorage */ = {
			isa = XCSwiftPackageProductDependency;
			package = 0ACD99662CAEABE100131287 /* XCRemoteSwiftPackageReference "firebase-ios-sdk" */;
			productName = FirebaseStorage;
		};
		0ACD99932CAEAFB300131287 /* FirebaseStorageCombine-Community */ = {
			isa = XCSwiftPackageProductDependency;
			package = 0ACD99662CAEABE100131287 /* XCRemoteSwiftPackageReference "firebase-ios-sdk" */;
			productName = "FirebaseStorageCombine-Community";
		};
		0ACD99952CAEAFB300131287 /* FirebaseVertexAI-Preview */ = {
			isa = XCSwiftPackageProductDependency;
			package = 0ACD99662CAEABE100131287 /* XCRemoteSwiftPackageReference "firebase-ios-sdk" */;
			productName = "FirebaseVertexAI-Preview";
		};
		0ACD999C2CAEB8C600131287 /* SDWebImageSwiftUI */ = {
			isa = XCSwiftPackageProductDependency;
			package = 0ACD999B2CAEB8C600131287 /* XCRemoteSwiftPackageReference "SDWebImageSwiftUI" */;
			productName = SDWebImageSwiftUI;
		};
/* End XCSwiftPackageProductDependency section */
	};
	rootObject = A679BADC2CA7B79900F156AA /* Project object */;
}
